// !$*UTF8*$!
{
	archiveVersion = 1;
	classes = {
	};
	objectVersion = 77;
	objects = {

/* Begin PBXBuildFile section */
		6CD87F632F76EADC00B89902 /* WidgetKit.framework in Frameworks */ = {isa = PBXBuildFile; fileRef = 6CD87F622F76EADC00B89902 /* WidgetKit.framework */; };
		6CD87F652F76EADC00B89902 /* SwiftUI.framework in Frameworks */ = {isa = PBXBuildFile; fileRef = 6CD87F642F76EADC00B89902 /* SwiftUI.framework */; };
		6CD87F762F76EADD00B89902 /* liveExtension.appex in Embed Foundation Extensions */ = {isa = PBXBuildFile; fileRef = 6CD87F602F76EADC00B89902 /* liveExtension.appex */; settings = {ATTRIBUTES = (RemoveHeadersOnCopy, ); }; };
/* End PBXBuildFile section */

/* Begin PBXContainerItemProxy section */
		6C963A512F6BE0EC0074DC6D /* PBXContainerItemProxy */ = {
			isa = PBXContainerItemProxy;
			containerPortal = 6C963A392F6BE0EB0074DC6D /* Project object */;
			proxyType = 1;
			remoteGlobalIDString = 6C963A402F6BE0EB0074DC6D;
			remoteInfo = Pomodoro;
		};
		6C963A5B2F6BE0EC0074DC6D /* PBXContainerItemProxy */ = {
			isa = PBXContainerItemProxy;
			containerPortal = 6C963A392F6BE0EB0074DC6D /* Project object */;
			proxyType = 1;
			remoteGlobalIDString = 6C963A402F6BE0EB0074DC6D;
			remoteInfo = Pomodoro;
		};
		6CD87F742F76EADD00B89902 /* PBXContainerItemProxy */ = {
			isa = PBXContainerItemProxy;
			containerPortal = 6C963A392F6BE0EB0074DC6D /* Project object */;
			proxyType = 1;
			remoteGlobalIDString = 6CD87F5F2F76EADC00B89902;
			remoteInfo = liveExtension;
		};
/* End PBXContainerItemProxy section */

/* Begin PBXCopyFilesBuildPhase section */
		6CD87F7B2F76EADD00B89902 /* Embed Foundation Extensions */ = {
			isa = PBXCopyFilesBuildPhase;
			buildActionMask = 2147483647;
			dstPath = "";
			dstSubfolderSpec = 13;
			files = (
				6CD87F762F76EADD00B89902 /* liveExtension.appex in Embed Foundation Extensions */,
			);
			name = "Embed Foundation Extensions";
			runOnlyForDeploymentPostprocessing = 0;
		};
/* End PBXCopyFilesBuildPhase section */

/* Begin PBXFileReference section */
		6C963A412F6BE0EB0074DC6D /* Pomodoro.app */ = {isa = PBXFileReference; explicitFileType = wrapper.application; includeInIndex = 0; path = Pomodoro.app; sourceTree = BUILT_PRODUCTS_DIR; };
		6C963A502F6BE0EC0074DC6D /* PomodoroTests.xctest */ = {isa = PBXFileReference; explicitFileType = wrapper.cfbundle; includeInIndex = 0; path = PomodoroTests.xctest; sourceTree = BUILT_PRODUCTS_DIR; };
		6C963A5A2F6BE0EC0074DC6D /* PomodoroUITests.xctest */ = {isa = PBXFileReference; explicitFileType = wrapper.cfbundle; includeInIndex = 0; path = PomodoroUITests.xctest; sourceTree = BUILT_PRODUCTS_DIR; };
		6CD87F602F76EADC00B89902 /* liveExtension.appex */ = {isa = PBXFileReference; explicitFileType = "wrapper.app-extension"; includeInIndex = 0; path = liveExtension.appex; sourceTree = BUILT_PRODUCTS_DIR; };
		6CD87F622F76EADC00B89902 /* WidgetKit.framework */ = {isa = PBXFileReference; lastKnownFileType = wrapper.framework; name = WidgetKit.framework; path = System/Library/Frameworks/WidgetKit.framework; sourceTree = SDKROOT; };
		6CD87F642F76EADC00B89902 /* SwiftUI.framework */ = {isa = PBXFileReference; lastKnownFileType = wrapper.framework; name = SwiftUI.framework; path = System/Library/Frameworks/SwiftUI.framework; sourceTree = SDKROOT; };
/* End PBXFileReference section */

/* Begin PBXFileSystemSynchronizedBuildFileExceptionSet section */
		6CD87F772F76EADD00B89902 /* Exceptions for "live" folder in "liveExtension" target */ = {
			isa = PBXFileSystemSynchronizedBuildFileExceptionSet;
			membershipExceptions = (
				Info.plist,
			);
			target = 6CD87F5F2F76EADC00B89902 /* liveExtension */;
		};
/* End PBXFileSystemSynchronizedBuildFileExceptionSet section */

/* Begin PBXFileSystemSynchronizedRootGroup section */
		6C963A432F6BE0EB0074DC6D /* Pomodoro */ = {
			isa = PBXFileSystemSynchronizedRootGroup;
			path = Pomodoro;
			sourceTree = "<group>";
		};
		6C963A532F6BE0EC0074DC6D /* PomodoroTests */ = {
			isa = PBXFileSystemSynchronizedRootGroup;
			path = PomodoroTests;
			sourceTree = "<group>";
		};
		6C963A5D2F6BE0EC0074DC6D /* PomodoroUITests */ = {
			isa = PBXFileSystemSynchronizedRootGroup;
			path = PomodoroUITests;
			sourceTree = "<group>";
		};
		6CD87F662F76EADC00B89902 /* live */ = {
			isa = PBXFileSystemSynchronizedRootGroup;
			exceptions = (
				6CD87F772F76EADD00B89902 /* Exceptions for "live" folder in "liveExtension" target */,
			);
			path = live;
			sourceTree = "<group>";
		};
/* End PBXFileSystemSynchronizedRootGroup section */

/* Begin PBXFrameworksBuildPhase section */
		6C963A3E2F6BE0EB0074DC6D /* Frameworks */ = {
			isa = PBXFrameworksBuildPhase;
			buildActionMask = 2147483647;
			files = (
			);
			runOnlyForDeploymentPostprocessing = 0;
		};
		6C963A4D2F6BE0EC0074DC6D /* Frameworks */ = {
			isa = PBXFrameworksBuildPhase;
			buildActionMask = 2147483647;
			files = (
			);
			runOnlyForDeploymentPostprocessing = 0;
		};
		6C963A572F6BE0EC0074DC6D /* Frameworks */ = {
			isa = PBXFrameworksBuildPhase;
			buildActionMask = 2147483647;
			files = (
			);
			runOnlyForDeploymentPostprocessing = 0;
		};
		6CD87F5D2F76EADC00B89902 /* Frameworks */ = {
			isa = PBXFrameworksBuildPhase;
			buildActionMask = 2147483647;
			files = (
				6CD87F652F76EADC00B89902 /* SwiftUI.framework in Frameworks */,
				6CD87F632F76EADC00B89902 /* WidgetKit.framework in Frameworks */,
			);
			runOnlyForDeploymentPostprocessing = 0;
		};
/* End PBXFrameworksBuildPhase section */

/* Begin PBXGroup section */
		6C963A382F6BE0EB0074DC6D = {
			isa = PBXGroup;
			children = (
				6C963A432F6BE0EB0074DC6D /* Pomodoro */,
				6C963A532F6BE0EC0074DC6D /* PomodoroTests */,
				6C963A5D2F6BE0EC0074DC6D /* PomodoroUITests */,
				6CD87F662F76EADC00B89902 /* live */,
				6CD87F612F76EADC00B89902 /* Frameworks */,
				6C963A422F6BE0EB0074DC6D /* Products */,
			);
			sourceTree = "<group>";
		};
		6C963A422F6BE0EB0074DC6D /* Products */ = {
			isa = PBXGroup;
			children = (
				6C963A412F6BE0EB0074DC6D /* Pomodoro.app */,
				6C963A502F6BE0EC0074DC6D /* PomodoroTests.xctest */,
				6C963A5A2F6BE0EC0074DC6D /* PomodoroUITests.xctest */,
				6CD87F602F76EADC00B89902 /* liveExtension.appex */,
			);
			name = Products;
			sourceTree = "<group>";
		};
		6CD87F612F76EADC00B89902 /* Frameworks */ = {
			isa = PBXGroup;
			children = (
				6CD87F622F76EADC00B89902 /* WidgetKit.framework */,
				6CD87F642F76EADC00B89902 /* SwiftUI.framework */,
			);
			name = Frameworks;
			sourceTree = "<group>";
		};
/* End PBXGroup section */

/* Begin PBXNativeTarget section */
		6C963A402F6BE0EB0074DC6D /* Pomodoro */ = {
			isa = PBXNativeTarget;
			buildConfigurationList = 6C963A642F6BE0EC0074DC6D /* Build configuration list for PBXNativeTarget "Pomodoro" */;
			buildPhases = (
				6C963A3D2F6BE0EB0074DC6D /* Sources */,
				6C963A3E2F6BE0EB0074DC6D /* Frameworks */,
				6C963A3F2F6BE0EB0074DC6D /* Resources */,
				6CD87F7B2F76EADD00B89902 /* Embed Foundation Extensions */,
			);
			buildRules = (
			);
			dependencies = (
				6CD87F752F76EADD00B89902 /* PBXTargetDependency */,
			);
			fileSystemSynchronizedGroups = (
				6C963A432F6BE0EB0074DC6D /* Pomodoro */,
			);
			name = Pomodoro;
			packageProductDependencies = (
			);
			productName = Pomodoro;
			productReference = 6C963A412F6BE0EB0074DC6D /* Pomodoro.app */;
			productType = "com.apple.product-type.application";
		};
		6C963A4F2F6BE0EC0074DC6D /* PomodoroTests */ = {
			isa = PBXNativeTarget;
			buildConfigurationList = 6C963A672F6BE0EC0074DC6D /* Build configuration list for PBXNativeTarget "PomodoroTests" */;
			buildPhases = (
				6C963A4C2F6BE0EC0074DC6D /* Sources */,
				6C963A4D2F6BE0EC0074DC6D /* Frameworks */,
				6C963A4E2F6BE0EC0074DC6D /* Resources */,
			);
			buildRules = (
			);
			dependencies = (
				6C963A522F6BE0EC0074DC6D /* PBXTargetDependency */,
			);
			fileSystemSynchronizedGroups = (
				6C963A532F6BE0EC0074DC6D /* PomodoroTests */,
			);
			name = PomodoroTests;
			packageProductDependencies = (
			);
			productName = PomodoroTests;
			productReference = 6C963A502F6BE0EC0074DC6D /* PomodoroTests.xctest */;
			productType = "com.apple.product-type.bundle.unit-test";
		};
		6C963A592F6BE0EC0074DC6D /* PomodoroUITests */ = {
			isa = PBXNativeTarget;
			buildConfigurationList = 6C963A6A2F6BE0EC0074DC6D /* Build configuration list for PBXNativeTarget "PomodoroUITests" */;
			buildPhases = (
				6C963A562F6BE0EC0074DC6D /* Sources */,
				6C963A572F6BE0EC0074DC6D /* Frameworks */,
				6C963A582F6BE0EC0074DC6D /* Resources */,
			);
			buildRules = (
			);
			dependencies = (
				6C963A5C2F6BE0EC0074DC6D /* PBXTargetDependency */,
			);
			fileSystemSynchronizedGroups = (
				6C963A5D2F6BE0EC0074DC6D /* PomodoroUITests */,
			);
			name = PomodoroUITests;
			packageProductDependencies = (
			);
			productName = PomodoroUITests;
			productReference = 6C963A5A2F6BE0EC0074DC6D /* PomodoroUITests.xctest */;
			productType = "com.apple.product-type.bundle.ui-testing";
		};
		6CD87F5F2F76EADC00B89902 /* liveExtension */ = {
			isa = PBXNativeTarget;
			buildConfigurationList = 6CD87F782F76EADD00B89902 /* Build configuration list for PBXNativeTarget "liveExtension" */;
			buildPhases = (
				6CD87F5C2F76EADC00B89902 /* Sources */,
				6CD87F5D2F76EADC00B89902 /* Frameworks */,
				6CD87F5E2F76EADC00B89902 /* Resources */,
			);
			buildRules = (
			);
			dependencies = (
			);
			fileSystemSynchronizedGroups = (
				6CD87F662F76EADC00B89902 /* live */,
			);
			name = liveExtension;
			packageProductDependencies = (
			);
			productName = liveExtension;
			productReference = 6CD87F602F76EADC00B89902 /* liveExtension.appex */;
			productType = "com.apple.product-type.app-extension";
		};
/* End PBXNativeTarget section */

/* Begin PBXProject section */
		6C963A392F6BE0EB0074DC6D /* Project object */ = {
			isa = PBXProject;
			attributes = {
				BuildIndependentTargetsInParallel = 1;
				LastSwiftUpdateCheck = 2610;
				LastUpgradeCheck = 2610;
				TargetAttributes = {
					6C963A402F6BE0EB0074DC6D = {
						CreatedOnToolsVersion = 26.1;
					};
					6C963A4F2F6BE0EC0074DC6D = {
						CreatedOnToolsVersion = 26.1;
						TestTargetID = 6C963A402F6BE0EB0074DC6D;
					};
					6C963A592F6BE0EC0074DC6D = {
						CreatedOnToolsVersion = 26.1;
						TestTargetID = 6C963A402F6BE0EB0074DC6D;
					};
					6CD87F5F2F76EADC00B89902 = {
						CreatedOnToolsVersion = 26.1;
					};
				};
			};
			buildConfigurationList = 6C963A3C2F6BE0EB0074DC6D /* Build configuration list for PBXProject "Pomodoro" */;
			developmentRegion = en;
			hasScannedForEncodings = 0;
			knownRegions = (
				en,
				Base,
			);
			mainGroup = 6C963A382F6BE0EB0074DC6D;
			minimizedProjectReferenceProxies = 1;
			preferredProjectObjectVersion = 77;
			productRefGroup = 6C963A422F6BE0EB0074DC6D /* Products */;
			projectDirPath = "";
			projectRoot = "";
			targets = (
				6C963A402F6BE0EB0074DC6D /* Pomodoro */,
				6C963A4F2F6BE0EC0074DC6D /* PomodoroTests */,
				6C963A592F6BE0EC0074DC6D /* PomodoroUITests */,
				6CD87F5F2F76EADC00B89902 /* liveExtension */,
			);
		};
/* End PBXProject section */

/* Begin PBXResourcesBuildPhase section */
		6C963A3F2F6BE0EB0074DC6D /* Resources */ = {
			isa = PBXResourcesBuildPhase;
			buildActionMask = 2147483647;
			files = (
			);
			runOnlyForDeploymentPostprocessing = 0;
		};
		6C963A4E2F6BE0EC0074DC6D /* Resources */ = {
			isa = PBXResourcesBuildPhase;
			buildActionMask = 2147483647;
			files = (
			);
			runOnlyForDeploymentPostprocessing = 0;
		};
		6C963A582F6BE0EC0074DC6D /* Resources */ = {
			isa = PBXResourcesBuildPhase;
			buildActionMask = 2147483647;
			files = (
			);
			runOnlyForDeploymentPostprocessing = 0;
		};
		6CD87F5E2F76EADC00B89902 /* Resources */ = {
			isa = PBXResourcesBuildPhase;
			buildActionMask = 2147483647;
			files = (
			);
			runOnlyForDeploymentPostprocessing = 0;
		};
/* End PBXResourcesBuildPhase section */

/* Begin PBXSourcesBuildPhase section */
		6C963A3D2F6BE0EB0074DC6D /* Sources */ = {
			isa = PBXSourcesBuildPhase;
			buildActionMask = 2147483647;
			files = (
			);
			runOnlyForDeploymentPostprocessing = 0;
		};
		6C963A4C2F6BE0EC0074DC6D /* Sources */ = {
			isa = PBXSourcesBuildPhase;
			buildActionMask = 2147483647;
			files = (
			);
			runOnlyForDeploymentPostprocessing = 0;
		};
		6C963A562F6BE0EC0074DC6D /* Sources */ = {
			isa = PBXSourcesBuildPhase;
			buildActionMask = 2147483647;
			files = (
			);
			runOnlyForDeploymentPostprocessing = 0;
		};
		6CD87F5C2F76EADC00B89902 /* Sources */ = {
			isa = PBXSourcesBuildPhase;
			buildActionMask = 2147483647;
			files = (
			);
			runOnlyForDeploymentPostprocessing = 0;
		};
/* End PBXSourcesBuildPhase section */

/* Begin PBXTargetDependency section */
		6C963A522F6BE0EC0074DC6D /* PBXTargetDependency */ = {
			isa = PBXTargetDependency;
			target = 6C963A402F6BE0EB0074DC6D /* Pomodoro */;
			targetProxy = 6C963A512F6BE0EC0074DC6D /* PBXContainerItemProxy */;
		};
		6C963A5C2F6BE0EC0074DC6D /* PBXTargetDependency */ = {
			isa = PBXTargetDependency;
			target = 6C963A402F6BE0EB0074DC6D /* Pomodoro */;
			targetProxy = 6C963A5B2F6BE0EC0074DC6D /* PBXContainerItemProxy */;
		};
		6CD87F752F76EADD00B89902 /* PBXTargetDependency */ = {
			isa = PBXTargetDependency;
			target = 6CD87F5F2F76EADC00B89902 /* liveExtension */;
			targetProxy = 6CD87F742F76EADD00B89902 /* PBXContainerItemProxy */;
		};
/* End PBXTargetDependency section */

/* Begin XCBuildConfiguration section */
		6C963A622F6BE0EC0074DC6D /* Debug */ = {
			isa = XCBuildConfiguration;
			buildSettings = {
				ALWAYS_SEARCH_USER_PATHS = NO;
				ASSETCATALOG_COMPILER_GENERATE_SWIFT_ASSET_SYMBOL_EXTENSIONS = YES;
				CLANG_ANALYZER_NONNULL = YES;
				CLANG_ANALYZER_NUMBER_OBJECT_CONVERSION = YES_AGGRESSIVE;
				CLANG_CXX_LANGUAGE_STANDARD = "gnu++20";
				CLANG_ENABLE_MODULES = YES;
				CLANG_ENABLE_OBJC_ARC = YES;
				CLANG_ENABLE_OBJC_WEAK = YES;
				CLANG_WARN_BLOCK_CAPTURE_AUTORELEASING = YES;
				CLANG_WARN_BOOL_CONVERSION = YES;
				CLANG_WARN_COMMA = YES;
				CLANG_WARN_CONSTANT_CONVERSION = YES;
				CLANG_WARN_DEPRECATED_OBJC_IMPLEMENTATIONS = YES;
				CLANG_WARN_DIRECT_OBJC_ISA_USAGE = YES_ERROR;
				CLANG_WARN_DOCUMENTATION_COMMENTS = YES;
				CLANG_WARN_EMPTY_BODY = YES;
				CLANG_WARN_ENUM_CONVERSION = YES;
				CLANG_WARN_INFINITE_RECURSION = YES;
				CLANG_WARN_INT_CONVERSION = YES;
				CLANG_WARN_NON_LITERAL_NULL_CONVERSION = YES;
				CLANG_WARN_OBJC_IMPLICIT_RETAIN_SELF = YES;
				CLANG_WARN_OBJC_LITERAL_CONVERSION = YES;
				CLANG_WARN_OBJC_ROOT_CLASS = YES_ERROR;
				CLANG_WARN_QUOTED_INCLUDE_IN_FRAMEWORK_HEADER = YES;
				CLANG_WARN_RANGE_LOOP_ANALYSIS = YES;
				CLANG_WARN_STRICT_PROTOTYPES = YES;
				CLANG_WARN_SUSPICIOUS_MOVE = YES;
				CLANG_WARN_UNGUARDED_AVAILABILITY = YES_AGGRESSIVE;
				CLANG_WARN_UNREACHABLE_CODE = YES;
				CLANG_WARN__DUPLICATE_METHOD_MATCH = YES;
				COPY_PHASE_STRIP = NO;
				DEBUG_INFORMATION_FORMAT = dwarf;
				DEVELOPMENT_TEAM = 43W6X55RFR;
				ENABLE_STRICT_OBJC_MSGSEND = YES;
				ENABLE_TESTABILITY = YES;
				ENABLE_USER_SCRIPT_SANDBOXING = YES;
				GCC_C_LANGUAGE_STANDARD = gnu17;
				GCC_DYNAMIC_NO_PIC = NO;
				GCC_NO_COMMON_BLOCKS = YES;
				GCC_OPTIMIZATION_LEVEL = 0;
				GCC_PREPROCESSOR_DEFINITIONS = (
					"DEBUG=1",
					"$(inherited)",
				);
				GCC_WARN_64_TO_32_BIT_CONVERSION = YES;
				GCC_WARN_ABOUT_RETURN_TYPE = YES_ERROR;
				GCC_WARN_UNDECLARED_SELECTOR = YES;
				GCC_WARN_UNINITIALIZED_AUTOS = YES_AGGRESSIVE;
				GCC_WARN_UNUSED_FUNCTION = YES;
				GCC_WARN_UNUSED_VARIABLE = YES;
				IPHONEOS_DEPLOYMENT_TARGET = 26.1;
				LOCALIZATION_PREFERS_STRING_CATALOGS = YES;
				MTL_ENABLE_DEBUG_INFO = INCLUDE_SOURCE;
				MTL_FAST_MATH = YES;
				ONLY_ACTIVE_ARCH = YES;
				SDKROOT = iphoneos;
				SWIFT_ACTIVE_COMPILATION_CONDITIONS = "DEBUG $(inherited)";
				SWIFT_OPTIMIZATION_LEVEL = "-Onone";
			};
			name = Debug;
		};
		6C963A632F6BE0EC0074DC6D /* Release */ = {
			isa = XCBuildConfiguration;
			buildSettings = {
				ALWAYS_SEARCH_USER_PATHS = NO;
				ASSETCATALOG_COMPILER_GENERATE_SWIFT_ASSET_SYMBOL_EXTENSIONS = YES;
				CLANG_ANALYZER_NONNULL = YES;
				CLANG_ANALYZER_NUMBER_OBJECT_CONVERSION = YES_AGGRESSIVE;
				CLANG_CXX_LANGUAGE_STANDARD = "gnu++20";
				CLANG_ENABLE_MODULES = YES;
				CLANG_ENABLE_OBJC_ARC = YES;
				CLANG_ENABLE_OBJC_WEAK = YES;
				CLANG_WARN_BLOCK_CAPTURE_AUTORELEASING = YES;
				CLANG_WARN_BOOL_CONVERSION = YES;
				CLANG_WARN_COMMA = YES;
				CLANG_WARN_CONSTANT_CONVERSION = YES;
				CLANG_WARN_DEPRECATED_OBJC_IMPLEMENTATIONS = YES;
				CLANG_WARN_DIRECT_OBJC_ISA_USAGE = YES_ERROR;
				CLANG_WARN_DOCUMENTATION_COMMENTS = YES;
				CLANG_WARN_EMPTY_BODY = YES;
				CLANG_WARN_ENUM_CONVERSION = YES;
				CLANG_WARN_INFINITE_RECURSION = YES;
				CLANG_WARN_INT_CONVERSION = YES;
				CLANG_WARN_NON_LITERAL_NULL_CONVERSION = YES;
				CLANG_WARN_OBJC_IMPLICIT_RETAIN_SELF = YES;
				CLANG_WARN_OBJC_LITERAL_CONVERSION = YES;
				CLANG_WARN_OBJC_ROOT_CLASS = YES_ERROR;
				CLANG_WARN_QUOTED_INCLUDE_IN_FRAMEWORK_HEADER = YES;
				CLANG_WARN_RANGE_LOOP_ANALYSIS = YES;
				CLANG_WARN_STRICT_PROTOTYPES = YES;
				CLANG_WARN_SUSPICIOUS_MOVE = YES;
				CLANG_WARN_UNGUARDED_AVAILABILITY = YES_AGGRESSIVE;
				CLANG_WARN_UNREACHABLE_CODE = YES;
				CLANG_WARN__DUPLICATE_METHOD_MATCH = YES;
				COPY_PHASE_STRIP = NO;
				DEBUG_INFORMATION_FORMAT = "dwarf-with-dsym";
				DEVELOPMENT_TEAM = 43W6X55RFR;
				ENABLE_NS_ASSERTIONS = NO;
				ENABLE_STRICT_OBJC_MSGSEND = YES;
				ENABLE_USER_SCRIPT_SANDBOXING = YES;
				GCC_C_LANGUAGE_STANDARD = gnu17;
				GCC_NO_COMMON_BLOCKS = YES;
				GCC_WARN_64_TO_32_BIT_CONVERSION = YES;
				GCC_WARN_ABOUT_RETURN_TYPE = YES_ERROR;
				GCC_WARN_UNDECLARED_SELECTOR = YES;
				GCC_WARN_UNINITIALIZED_AUTOS = YES_AGGRESSIVE;
				GCC_WARN_UNUSED_FUNCTION = YES;
				GCC_WARN_UNUSED_VARIABLE = YES;
				IPHONEOS_DEPLOYMENT_TARGET = 26.1;
				LOCALIZATION_PREFERS_STRING_CATALOGS = YES;
				MTL_ENABLE_DEBUG_INFO = NO;
				MTL_FAST_MATH = YES;
				SDKROOT = iphoneos;
				SWIFT_COMPILATION_MODE = wholemodule;
				VALIDATE_PRODUCT = YES;
			};
			name = Release;
		};
		6C963A652F6BE0EC0074DC6D /* Debug */ = {
			isa = XCBuildConfiguration;
			buildSettings = {
				ASSETCATALOG_COMPILER_APPICON_NAME = AppIcon;
				ASSETCATALOG_COMPILER_GLOBAL_ACCENT_COLOR_NAME = AccentColor;
				CODE_SIGN_STYLE = Automatic;
				CURRENT_PROJECT_VERSION = 1;
				DEVELOPMENT_TEAM = 43W6X55RFR;
				ENABLE_PREVIEWS = YES;
				GENERATE_INFOPLIST_FILE = YES;
				INFOPLIST_KEY_NSSupportsLiveActivities = YES;
				INFOPLIST_KEY_UIApplicationSceneManifest_Generation = YES;
				INFOPLIST_KEY_UIApplicationSupportsIndirectInputEvents = YES;
				INFOPLIST_KEY_UILaunchScreen_Generation = YES;
				INFOPLIST_KEY_UISupportedInterfaceOrientations_iPad = "UIInterfaceOrientationPortrait UIInterfaceOrientationPortraitUpsideDown UIInterfaceOrientationLandscapeLeft UIInterfaceOrientationLandscapeRight";
				INFOPLIST_KEY_UISupportedInterfaceOrientations_iPhone = "UIInterfaceOrientationPortrait UIInterfaceOrientationLandscapeLeft UIInterfaceOrientationLandscapeRight";
				LD_RUNPATH_SEARCH_PATHS = (
					"$(inherited)",
					"@executable_path/Frameworks",
				);
				MARKETING_VERSION = 1.0;
				PRODUCT_BUNDLE_IDENTIFIER = com.dotsdev.Pomodoro;
				PRODUCT_NAME = "$(TARGET_NAME)";
				STRING_CATALOG_GENERATE_SYMBOLS = YES;
				SWIFT_APPROACHABLE_CONCURRENCY = YES;
				SWIFT_DEFAULT_ACTOR_ISOLATION = MainActor;
				SWIFT_EMIT_LOC_STRINGS = YES;
				SWIFT_UPCOMING_FEATURE_MEMBER_IMPORT_VISIBILITY = YES;
				SWIFT_VERSION = 5.0;
				TARGETED_DEVICE_FAMILY = "1,2";
			};
			name = Debug;
		};
		6C963A662F6BE0EC0074DC6D /* Release */ = {
			isa = XCBuildConfiguration;
			buildSettings = {
				ASSETCATALOG_COMPILER_APPICON_NAME = AppIcon;
				ASSETCATALOG_COMPILER_GLOBAL_ACCENT_COLOR_NAME = AccentColor;
				CODE_SIGN_STYLE = Automatic;
				CURRENT_PROJECT_VERSION = 1;
				DEVELOPMENT_TEAM = 43W6X55RFR;
				ENABLE_PREVIEWS = YES;
				GENERATE_INFOPLIST_FILE = YES;
				INFOPLIST_KEY_NSSupportsLiveActivities = YES;
				INFOPLIST_KEY_UIApplicationSceneManifest_Generation = YES;
				INFOPLIST_KEY_UIApplicationSupportsIndirectInputEvents = YES;
				INFOPLIST_KEY_UILaunchScreen_Generation = YES;
				INFOPLIST_KEY_UISupportedInterfaceOrientations_iPad = "UIInterfaceOrientationPortrait UIInterfaceOrientationPortraitUpsideDown UIInterfaceOrientationLandscapeLeft UIInterfaceOrientationLandscapeRight";
				INFOPLIST_KEY_UISupportedInterfaceOrientations_iPhone = "UIInterfaceOrientationPortrait UIInterfaceOrientationLandscapeLeft UIInterfaceOrientationLandscapeRight";
				LD_RUNPATH_SEARCH_PATHS = (
					"$(inherited)",
					"@executable_path/Frameworks",
				);
				MARKETING_VERSION = 1.0;
				PRODUCT_BUNDLE_IDENTIFIER = com.dotsdev.Pomodoro;
				PRODUCT_NAME = "$(TARGET_NAME)";
				STRING_CATALOG_GENERATE_SYMBOLS = YES;
				SWIFT_APPROACHABLE_CONCURRENCY = YES;
				SWIFT_DEFAULT_ACTOR_ISOLATION = MainActor;
				SWIFT_EMIT_LOC_STRINGS = YES;
				SWIFT_UPCOMING_FEATURE_MEMBER_IMPORT_VISIBILITY = YES;
				SWIFT_VERSION = 5.0;
				TARGETED_DEVICE_FAMILY = "1,2";
			};
			name = Release;
		};
		6C963A682F6BE0EC0074DC6D /* Debug */ = {
			isa = XCBuildConfiguration;
			buildSettings = {
				BUNDLE_LOADER = "$(TEST_HOST)";
				CODE_SIGN_STYLE = Automatic;
				CURRENT_PROJECT_VERSION = 1;
				DEVELOPMENT_TEAM = 43W6X55RFR;
				GENERATE_INFOPLIST_FILE = YES;
				IPHONEOS_DEPLOYMENT_TARGET = 26.1;
				MARKETING_VERSION = 1.0;
				PRODUCT_BUNDLE_IDENTIFIER = com.dotsdev.PomodoroTests;
				PRODUCT_NAME = "$(TARGET_NAME)";
				STRING_CATALOG_GENERATE_SYMBOLS = NO;
				SWIFT_APPROACHABLE_CONCURRENCY = YES;
				SWIFT_EMIT_LOC_STRINGS = NO;
				SWIFT_UPCOMING_FEATURE_MEMBER_IMPORT_VISIBILITY = YES;
				SWIFT_VERSION = 5.0;
				TARGETED_DEVICE_FAMILY = "1,2";
				TEST_HOST = "$(BUILT_PRODUCTS_DIR)/Pomodoro.app/$(BUNDLE_EXECUTABLE_FOLDER_PATH)/Pomodoro";
			};
			name = Debug;
		};
		6C963A692F6BE0EC0074DC6D /* Release */ = {
			isa = XCBuildConfiguration;
			buildSettings = {
				BUNDLE_LOADER = "$(TEST_HOST)";
				CODE_SIGN_STYLE = Automatic;
				CURRENT_PROJECT_VERSION = 1;
				DEVELOPMENT_TEAM = 43W6X55RFR;
				GENERATE_INFOPLIST_FILE = YES;
				IPHONEOS_DEPLOYMENT_TARGET = 26.1;
				MARKETING_VERSION = 1.0;
				PRODUCT_BUNDLE_IDENTIFIER = com.dotsdev.PomodoroTests;
				PRODUCT_NAME = "$(TARGET_NAME)";
				STRING_CATALOG_GENERATE_SYMBOLS = NO;
				SWIFT_APPROACHABLE_CONCURRENCY = YES;
				SWIFT_EMIT_LOC_STRINGS = NO;
				SWIFT_UPCOMING_FEATURE_MEMBER_IMPORT_VISIBILITY = YES;
				SWIFT_VERSION = 5.0;
				TARGETED_DEVICE_FAMILY = "1,2";
				TEST_HOST = "$(BUILT_PRODUCTS_DIR)/Pomodoro.app/$(BUNDLE_EXECUTABLE_FOLDER_PATH)/Pomodoro";
			};
			name = Release;
		};
		6C963A6B2F6BE0EC0074DC6D /* Debug */ = {
			isa = XCBuildConfiguration;
			buildSettings = {
				CODE_SIGN_STYLE = Automatic;
				CURRENT_PROJECT_VERSION = 1;
				DEVELOPMENT_TEAM = 43W6X55RFR;
				GENERATE_INFOPLIST_FILE = YES;
				MARKETING_VERSION = 1.0;
				PRODUCT_BUNDLE_IDENTIFIER = com.dotsdev.PomodoroUITests;
				PRODUCT_NAME = "$(TARGET_NAME)";
				STRING_CATALOG_GENERATE_SYMBOLS = NO;
				SWIFT_APPROACHABLE_CONCURRENCY = YES;
				SWIFT_EMIT_LOC_STRINGS = NO;
				SWIFT_UPCOMING_FEATURE_MEMBER_IMPORT_VISIBILITY = YES;
				SWIFT_VERSION = 5.0;
				TARGETED_DEVICE_FAMILY = "1,2";
				TEST_TARGET_NAME = Pomodoro;
			};
			name = Debug;
		};
		6C963A6C2F6BE0EC0074DC6D /* Release */ = {
			isa = XCBuildConfiguration;
			buildSettings = {
				CODE_SIGN_STYLE = Automatic;
				CURRENT_PROJECT_VERSION = 1;
				DEVELOPMENT_TEAM = 43W6X55RFR;
				GENERATE_INFOPLIST_FILE = YES;
				MARKETING_VERSION = 1.0;
				PRODUCT_BUNDLE_IDENTIFIER = com.dotsdev.PomodoroUITests;
				PRODUCT_NAME = "$(TARGET_NAME)";
				STRING_CATALOG_GENERATE_SYMBOLS = NO;
				SWIFT_APPROACHABLE_CONCURRENCY = YES;
				SWIFT_EMIT_LOC_STRINGS = NO;
				SWIFT_UPCOMING_FEATURE_MEMBER_IMPORT_VISIBILITY = YES;
				SWIFT_VERSION = 5.0;
				TARGETED_DEVICE_FAMILY = "1,2";
				TEST_TARGET_NAME = Pomodoro;
			};
			name = Release;
		};
		6CD87F792F76EADD00B89902 /* Debug */ = {
			isa = XCBuildConfiguration;
			buildSettings = {
				ASSETCATALOG_COMPILER_GLOBAL_ACCENT_COLOR_NAME = AccentColor;
				ASSETCATALOG_COMPILER_WIDGET_BACKGROUND_COLOR_NAME = WidgetBackground;
				CODE_SIGN_STYLE = Automatic;
				CURRENT_PROJECT_VERSION = 1;
				DEVELOPMENT_TEAM = 43W6X55RFR;
				GENERATE_INFOPLIST_FILE = YES;
				INFOPLIST_FILE = live/Info.plist;
				INFOPLIST_KEY_CFBundleDisplayName = live;
				INFOPLIST_KEY_NSHumanReadableCopyright = "";
				LD_RUNPATH_SEARCH_PATHS = (
					"$(inherited)",
					"@executable_path/Frameworks",
					"@executable_path/../../Frameworks",
				);
				MARKETING_VERSION = 1.0;
				PRODUCT_BUNDLE_IDENTIFIER = com.dotsdev.Pomodoro.live;
				PRODUCT_NAME = "$(TARGET_NAME)";
				SKIP_INSTALL = YES;
				STRING_CATALOG_GENERATE_SYMBOLS = YES;
				SWIFT_APPROACHABLE_CONCURRENCY = YES;
				SWIFT_EMIT_LOC_STRINGS = YES;
				SWIFT_UPCOMING_FEATURE_MEMBER_IMPORT_VISIBILITY = YES;
				SWIFT_VERSION = 5.0;
				TARGETED_DEVICE_FAMILY = "1,2";
			};
			name = Debug;
		};
		6CD87F7A2F76EADD00B89902 /* Release */ = {
			isa = XCBuildConfiguration;
			buildSettings = {
				ASSETCATALOG_COMPILER_GLOBAL_ACCENT_COLOR_NAME = AccentColor;
				ASSETCATALOG_COMPILER_WIDGET_BACKGROUND_COLOR_NAME = WidgetBackground;
				CODE_SIGN_STYLE = Automatic;
				CURRENT_PROJECT_VERSION = 1;
				DEVELOPMENT_TEAM = 43W6X55RFR;
				GENERATE_INFOPLIST_FILE = YES;
				INFOPLIST_FILE = live/Info.plist;
				INFOPLIST_KEY_CFBundleDisplayName = live;
				INFOPLIST_KEY_NSHumanReadableCopyright = "";
				LD_RUNPATH_SEARCH_PATHS = (
					"$(inherited)",
					"@executable_path/Frameworks",
					"@executable_path/../../Frameworks",
				);
				MARKETING_VERSION = 1.0;
				PRODUCT_BUNDLE_IDENTIFIER = com.dotsdev.Pomodoro.live;
				PRODUCT_NAME = "$(TARGET_NAME)";
				SKIP_INSTALL = YES;
				STRING_CATALOG_GENERATE_SYMBOLS = YES;
				SWIFT_APPROACHABLE_CONCURRENCY = YES;
				SWIFT_EMIT_LOC_STRINGS = YES;
				SWIFT_UPCOMING_FEATURE_MEMBER_IMPORT_VISIBILITY = YES;
				SWIFT_VERSION = 5.0;
				TARGETED_DEVICE_FAMILY = "1,2";
			};
			name = Release;
		};
/* End XCBuildConfiguration section */

/* Begin XCConfigurationList section */
		6C963A3C2F6BE0EB0074DC6D /* Build configuration list for PBXProject "Pomodoro" */ = {
			isa = XCConfigurationList;
			buildConfigurations = (
				6C963A622F6BE0EC0074DC6D /* Debug */,
				6C963A632F6BE0EC0074DC6D /* Release */,
			);
			defaultConfigurationIsVisible = 0;
			defaultConfigurationName = Release;
		};
		6C963A642F6BE0EC0074DC6D /* Build configuration list for PBXNativeTarget "Pomodoro" */ = {
			isa = XCConfigurationList;
			buildConfigurations = (
				6C963A652F6BE0EC0074DC6D /* Debug */,
				6C963A662F6BE0EC0074DC6D /* Release */,
			);
			defaultConfigurationIsVisible = 0;
			defaultConfigurationName = Release;
		};
		6C963A672F6BE0EC0074DC6D /* Build configuration list for PBXNativeTarget "PomodoroTests" */ = {
			isa = XCConfigurationList;
			buildConfigurations = (
				6C963A682F6BE0EC0074DC6D /* Debug */,
				6C963A692F6BE0EC0074DC6D /* Release */,
			);
			defaultConfigurationIsVisible = 0;
			defaultConfigurationName = Release;
		};
		6C963A6A2F6BE0EC0074DC6D /* Build configuration list for PBXNativeTarget "PomodoroUITests" */ = {
			isa = XCConfigurationList;
			buildConfigurations = (
				6C963A6B2F6BE0EC0074DC6D /* Debug */,
				6C963A6C2F6BE0EC0074DC6D /* Release */,
			);
			defaultConfigurationIsVisible = 0;
			defaultConfigurationName = Release;
		};
		6CD87F782F76EADD00B89902 /* Build configuration list for PBXNativeTarget "liveExtension" */ = {
			isa = XCConfigurationList;
			buildConfigurations = (
				6CD87F792F76EADD00B89902 /* Debug */,
				6CD87F7A2F76EADD00B89902 /* Release */,
			);
			defaultConfigurationIsVisible = 0;
			defaultConfigurationName = Release;
		};
/* End XCConfigurationList section */
	};
	rootObject = 6C963A392F6BE0EB0074DC6D /* Project object */;
}
